
Microsoft Visual Studio Solution File, Format Version 12.00
# Visual Studio Version 16
VisualStudioVersion = 16.0.31410.223
MinimumVisualStudioVersion = 10.0.40219.1
Project("{8BC9CEB8-8B4A-11D0-8D11-00A0C91BC942}") = "ControlPriority", "ControlPriority\ControlPriority.vcxproj", "{AFAC86CB-895C-4282-A0D8-52283E4F9613}"
EndProject
Project("{2150E333-8FDC-42A3-9474-1A3956D46DE8}") = "Root", "Root", "{E2B86B3C-0BF1-4F1A-B388-49F9B26BCF25}"
	ProjectSection(SolutionItems) = preProject
		build.bat = build.bat
		ControlPriority.toml = ControlPriority.toml
		pack.bat = pack.bat
		pack.csx = pack.csx
	EndProjectSection
EndProject
Global
	GlobalSection(SolutionConfigurationPlatforms) = preSolution
		Debug|x64 = Debug|x64
		Debug|x86 = Debug|x86
		Release|x64 = Release|x64
		Release|x86 = Release|x86
	EndGlobalSection
	GlobalSection(ProjectConfigurationPlatforms) = postSolution
		{AFAC86CB-895C-4282-A0D8-52283E4F9613}.Debug|x64.ActiveCfg = Debug|x64
		{AFAC86CB-895C-4282-A0D8-52283E4F9613}.Debug|x64.Build.0 = Debug|x64
		{AFAC86CB-895C-4282-A0D8-52283E4F9613}.Debug|x86.ActiveCfg = Debug|x64
		{AFAC86CB-895C-4282-A0D8-52283E4F9613}.Release|x64.ActiveCfg = Release|x64
		{AFAC86CB-895C-4282-A0D8-52283E4F9613}.Release|x64.Build.0 = Release|x64
		{AFAC86CB-895C-4282-A0D8-52283E4F9613}.Release|x86.ActiveCfg = Release|x64
	EndGlobalSection
	GlobalSection(SolutionProperties) = preSolution
		HideSolutionNode = FALSE
	EndGlobalSection
	GlobalSection(ExtensibilityGlobals) = postSolution
		SolutionGuid = {6ECE66F4-3055-469A-B459-FBBA18F7FBEE}
	EndGlobalSection
EndGlobal
